
Microsoft Visual Studio Solution File, Format Version 12.00
# Visual Studio Version 17
VisualStudioVersion = 17.14.36518.9
MinimumVisualStudioVersion = 10.0.40219.1
Project("{FAE04EC0-301F-11D3-BF4B-00C04F79EFBC}") = "Presentation", "Presentation\Presentation.csproj", "{B66917EC-20BB-4497-B2FC-621564026AB9}"
EndProject
Project("{FAE04EC0-301F-11D3-BF4B-00C04F79EFBC}") = "InfraData", "InfraData\InfraData.csproj", "{B3836F03-8851-407F-B608-8F72E7198604}"
EndProject
Project("{FAE04EC0-301F-11D3-BF4B-00C04F79EFBC}") = "Domain", "Domain\Domain.csproj", "{2D7B1424-2263-4D51-9258-77E2E5C66A57}"
EndProject
Project("{FAE04EC0-301F-11D3-BF4B-00C04F79EFBC}") = "Services", "Services\Services.csproj", "{F64389FB-FDEA-4DC9-B7F2-1EC9BF88D08C}"
EndProject
Global
	GlobalSection(SolutionConfigurationPlatforms) = preSolution
		Debug|Any CPU = Debug|Any CPU
		Debug|x64 = Debug|x64
		Release|Any CPU = Release|Any CPU
		Release|x64 = Release|x64
	EndGlobalSection
	GlobalSection(ProjectConfigurationPlatforms) = postSolution
		{B66917EC-20BB-4497-B2FC-621564026AB9}.Debug|Any CPU.ActiveCfg = Debug|Any CPU
		{B66917EC-20BB-4497-B2FC-621564026AB9}.Debug|Any CPU.Build.0 = Debug|Any CPU
		{B66917EC-20BB-4497-B2FC-621564026AB9}.Debug|x64.ActiveCfg = Debug|x64
		{B66917EC-20BB-4497-B2FC-621564026AB9}.Debug|x64.Build.0 = Debug|x64
		{B66917EC-20BB-4497-B2FC-621564026AB9}.Release|Any CPU.ActiveCfg = Release|Any CPU
		{B66917EC-20BB-4497-B2FC-621564026AB9}.Release|Any CPU.Build.0 = Release|Any CPU
		{B66917EC-20BB-4497-B2FC-621564026AB9}.Release|x64.ActiveCfg = Release|x64
		{B66917EC-20BB-4497-B2FC-621564026AB9}.Release|x64.Build.0 = Release|x64
		{B3836F03-8851-407F-B608-8F72E7198604}.Debug|Any CPU.ActiveCfg = Debug|Any CPU
		{B3836F03-8851-407F-B608-8F72E7198604}.Debug|Any CPU.Build.0 = Debug|Any CPU
		{B3836F03-8851-407F-B608-8F72E7198604}.Debug|x64.ActiveCfg = Debug|Any CPU
		{B3836F03-8851-407F-B608-8F72E7198604}.Debug|x64.Build.0 = Debug|Any CPU
		{B3836F03-8851-407F-B608-8F72E7198604}.Release|Any CPU.ActiveCfg = Release|Any CPU
		{B3836F03-8851-407F-B608-8F72E7198604}.Release|Any CPU.Build.0 = Release|Any CPU
		{B3836F03-8851-407F-B608-8F72E7198604}.Release|x64.ActiveCfg = Release|Any CPU
		{B3836F03-8851-407F-B608-8F72E7198604}.Release|x64.Build.0 = Release|Any CPU
		{2D7B1424-2263-4D51-9258-77E2E5C66A57}.Debug|Any CPU.ActiveCfg = Debug|Any CPU
		{2D7B1424-2263-4D51-9258-77E2E5C66A57}.Debug|Any CPU.Build.0 = Debug|Any CPU
		{2D7B1424-2263-4D51-9258-77E2E5C66A57}.Debug|x64.ActiveCfg = Debug|Any CPU
		{2D7B1424-2263-4D51-9258-77E2E5C66A57}.Debug|x64.Build.0 = Debug|Any CPU
		{2D7B1424-2263-4D51-9258-77E2E5C66A57}.Release|Any CPU.ActiveCfg = Release|Any CPU
		{2D7B1424-2263-4D51-9258-77E2E5C66A57}.Release|Any CPU.Build.0 = Release|Any CPU
		{2D7B1424-2263-4D51-9258-77E2E5C66A57}.Release|x64.ActiveCfg = Release|Any CPU
		{2D7B1424-2263-4D51-9258-77E2E5C66A57}.Release|x64.Build.0 = Release|Any CPU
		{F64389FB-FDEA-4DC9-B7F2-1EC9BF88D08C}.Debug|Any CPU.ActiveCfg = Debug|Any CPU
		{F64389FB-FDEA-4DC9-B7F2-1EC9BF88D08C}.Debug|Any CPU.Build.0 = Debug|Any CPU
		{F64389FB-FDEA-4DC9-B7F2-1EC9BF88D08C}.Debug|x64.ActiveCfg = Debug|Any CPU
		{F64389FB-FDEA-4DC9-B7F2-1EC9BF88D08C}.Debug|x64.Build.0 = Debug|Any CPU
		{F64389FB-FDEA-4DC9-B7F2-1EC9BF88D08C}.Release|Any CPU.ActiveCfg = Release|Any CPU
		{F64389FB-FDEA-4DC9-B7F2-1EC9BF88D08C}.Release|Any CPU.Build.0 = Release|Any CPU
		{F64389FB-FDEA-4DC9-B7F2-1EC9BF88D08C}.Release|x64.ActiveCfg = Release|Any CPU
		{F64389FB-FDEA-4DC9-B7F2-1EC9BF88D08C}.Release|x64.Build.0 = Release|Any CPU
	EndGlobalSection
	GlobalSection(SolutionProperties) = preSolution
		HideSolutionNode = FALSE
	EndGlobalSection
	GlobalSection(ExtensibilityGlobals) = postSolution
		SolutionGuid = {9CB53AC0-EDB9-4A46-B3FA-34E61CC6F844}
	EndGlobalSection
EndGlobal
